
Microsoft Visual Studio Solution File, Format Version 12.00
# Visual Studio Version 16
VisualStudioVersion = 16.0.31702.278
MinimumVisualStudioVersion = 10.0.40219.1
Project("{FAE04EC0-301F-11D3-BF4B-00C04F79EFBC}") = "DevIo.AppMvc", "src\DevIo.AppMvc\DevIo.AppMvc.csproj", "{CCE2D4B2-A713-4447-BB18-117D9201D211}"
EndProject
Project("{FAE04EC0-301F-11D3-BF4B-00C04F79EFBC}") = "DevIo.Business", "src\DevIo.Business\DevIo.Business.csproj", "{68793C5B-D904-45E2-B212-36A049916D98}"
EndProject
Project("{FAE04EC0-301F-11D3-BF4B-00C04F79EFBC}") = "DevIo.Infra", "src\DevIo.Infra\DevIo.Infra.csproj", "{AF756597-FB11-4979-99DB-33432D3BDE6C}"
EndProject
Global
	GlobalSection(SolutionConfigurationPlatforms) = preSolution
		Debug|Any CPU = Debug|Any CPU
		Release|Any CPU = Release|Any CPU
	EndGlobalSection
	GlobalSection(ProjectConfigurationPlatforms) = postSolution
		{CCE2D4B2-A713-4447-BB18-117D9201D211}.Debug|Any CPU.ActiveCfg = Debug|Any CPU
		{CCE2D4B2-A713-4447-BB18-117D9201D211}.Debug|Any CPU.Build.0 = Debug|Any CPU
		{CCE2D4B2-A713-4447-BB18-117D9201D211}.Release|Any CPU.ActiveCfg = Release|Any CPU
		{CCE2D4B2-A713-4447-BB18-117D9201D211}.Release|Any CPU.Build.0 = Release|Any CPU
		{68793C5B-D904-45E2-B212-36A049916D98}.Debug|Any CPU.ActiveCfg = Debug|Any CPU
		{68793C5B-D904-45E2-B212-36A049916D98}.Debug|Any CPU.Build.0 = Debug|Any CPU
		{68793C5B-D904-45E2-B212-36A049916D98}.Release|Any CPU.ActiveCfg = Release|Any CPU
		{68793C5B-D904-45E2-B212-36A049916D98}.Release|Any CPU.Build.0 = Release|Any CPU
		{AF756597-FB11-4979-99DB-33432D3BDE6C}.Debug|Any CPU.ActiveCfg = Debug|Any CPU
		{AF756597-FB11-4979-99DB-33432D3BDE6C}.Debug|Any CPU.Build.0 = Debug|Any CPU
		{AF756597-FB11-4979-99DB-33432D3BDE6C}.Release|Any CPU.ActiveCfg = Release|Any CPU
		{AF756597-FB11-4979-99DB-33432D3BDE6C}.Release|Any CPU.Build.0 = Release|Any CPU
	EndGlobalSection
	GlobalSection(SolutionProperties) = preSolution
		HideSolutionNode = FALSE
	EndGlobalSection
	GlobalSection(ExtensibilityGlobals) = postSolution
		SolutionGuid = {CE6B30E7-DF50-47B0-9A94-C03EEB0CF05E}
	EndGlobalSection
EndGlobal
